
Microsoft Visual Studio Solution File, Format Version 12.00
# Visual Studio 2012
Project("{FAE04EC0-301F-11D3-BF4B-00C04F79EFBC}") = "WebServer", "WebServer\WebServer.csproj", "{4E492DCF-E6F1-4CD4-901A-FCF610DDBFF1}"
EndProject
Project("{FAE04EC0-301F-11D3-BF4B-00C04F79EFBC}") = "SensorCloud", "SensorCloud\SensorCloud.csproj", "{1C82F06C-E602-4FE9-B8E6-3B50F466E9A1}"
EndProject
Project("{FAE04EC0-301F-11D3-BF4B-00C04F79EFBC}") = "Interface", "Interface\Interface.csproj", "{68621FD8-8630-4A85-9765-71C3CDB489A4}"
EndProject
Project("{FAE04EC0-301F-11D3-BF4B-00C04F79EFBC}") = "StaticFiles", "StaticFiles\StaticFiles.csproj", "{907EF586-808B-4C6E-A2C4-71B7EBF06AD1}"
EndProject
Project("{FAE04EC0-301F-11D3-BF4B-00C04F79EFBC}") = "WebLibrary", "WebLibrary\WebLibrary.csproj", "{020B6672-92DE-4F4B-A91F-CC6A9D24618D}"
EndProject
Project("{FAE04EC0-301F-11D3-BF4B-00C04F79EFBC}") = "UnitTest", "Test_handleGETRequest\UnitTest.csproj", "{F92EA227-0E7D-4BD3-83AC-1AFB16470567}"
EndProject
Project("{FAE04EC0-301F-11D3-BF4B-00C04F79EFBC}") = "Navi", "Navi\Navi.csproj", "{304B9DAD-25DC-4C75-9E12-9FF54C900EB0}"
EndProject
Global
	GlobalSection(SolutionConfigurationPlatforms) = preSolution
		Debug|Any CPU = Debug|Any CPU
		Release|Any CPU = Release|Any CPU
	EndGlobalSection
	GlobalSection(ProjectConfigurationPlatforms) = postSolution
		{4E492DCF-E6F1-4CD4-901A-FCF610DDBFF1}.Debug|Any CPU.ActiveCfg = Debug|Any CPU
		{4E492DCF-E6F1-4CD4-901A-FCF610DDBFF1}.Debug|Any CPU.Build.0 = Debug|Any CPU
		{4E492DCF-E6F1-4CD4-901A-FCF610DDBFF1}.Release|Any CPU.ActiveCfg = Release|Any CPU
		{4E492DCF-E6F1-4CD4-901A-FCF610DDBFF1}.Release|Any CPU.Build.0 = Release|Any CPU
		{1C82F06C-E602-4FE9-B8E6-3B50F466E9A1}.Debug|Any CPU.ActiveCfg = Debug|Any CPU
		{1C82F06C-E602-4FE9-B8E6-3B50F466E9A1}.Debug|Any CPU.Build.0 = Debug|Any CPU
		{1C82F06C-E602-4FE9-B8E6-3B50F466E9A1}.Release|Any CPU.ActiveCfg = Release|Any CPU
		{1C82F06C-E602-4FE9-B8E6-3B50F466E9A1}.Release|Any CPU.Build.0 = Release|Any CPU
		{68621FD8-8630-4A85-9765-71C3CDB489A4}.Debug|Any CPU.ActiveCfg = Debug|Any CPU
		{68621FD8-8630-4A85-9765-71C3CDB489A4}.Debug|Any CPU.Build.0 = Debug|Any CPU
		{68621FD8-8630-4A85-9765-71C3CDB489A4}.Release|Any CPU.ActiveCfg = Release|Any CPU
		{68621FD8-8630-4A85-9765-71C3CDB489A4}.Release|Any CPU.Build.0 = Release|Any CPU
		{907EF586-808B-4C6E-A2C4-71B7EBF06AD1}.Debug|Any CPU.ActiveCfg = Debug|Any CPU
		{907EF586-808B-4C6E-A2C4-71B7EBF06AD1}.Debug|Any CPU.Build.0 = Debug|Any CPU
		{907EF586-808B-4C6E-A2C4-71B7EBF06AD1}.Release|Any CPU.ActiveCfg = Release|Any CPU
		{907EF586-808B-4C6E-A2C4-71B7EBF06AD1}.Release|Any CPU.Build.0 = Release|Any CPU
		{020B6672-92DE-4F4B-A91F-CC6A9D24618D}.Debug|Any CPU.ActiveCfg = Debug|Any CPU
		{020B6672-92DE-4F4B-A91F-CC6A9D24618D}.Debug|Any CPU.Build.0 = Debug|Any CPU
		{020B6672-92DE-4F4B-A91F-CC6A9D24618D}.Release|Any CPU.ActiveCfg = Release|Any CPU
		{020B6672-92DE-4F4B-A91F-CC6A9D24618D}.Release|Any CPU.Build.0 = Release|Any CPU
		{F92EA227-0E7D-4BD3-83AC-1AFB16470567}.Debug|Any CPU.ActiveCfg = Debug|Any CPU
		{F92EA227-0E7D-4BD3-83AC-1AFB16470567}.Debug|Any CPU.Build.0 = Debug|Any CPU
		{F92EA227-0E7D-4BD3-83AC-1AFB16470567}.Release|Any CPU.ActiveCfg = Release|Any CPU
		{F92EA227-0E7D-4BD3-83AC-1AFB16470567}.Release|Any CPU.Build.0 = Release|Any CPU
		{304B9DAD-25DC-4C75-9E12-9FF54C900EB0}.Debug|Any CPU.ActiveCfg = Debug|Any CPU
		{304B9DAD-25DC-4C75-9E12-9FF54C900EB0}.Debug|Any CPU.Build.0 = Debug|Any CPU
		{304B9DAD-25DC-4C75-9E12-9FF54C900EB0}.Release|Any CPU.ActiveCfg = Release|Any CPU
		{304B9DAD-25DC-4C75-9E12-9FF54C900EB0}.Release|Any CPU.Build.0 = Release|Any CPU
	EndGlobalSection
	GlobalSection(SolutionProperties) = preSolution
		HideSolutionNode = FALSE
	EndGlobalSection
EndGlobal
